
Microsoft Visual Studio Solution File, Format Version 12.00
# Visual Studio 15
VisualStudioVersion = 15.0.26430.16
MinimumVisualStudioVersion = 10.0.40219.1
Project("{2150E333-8FDC-42A3-9474-1A3956D46DE8}") = "Solution Items", "Solution Items", "{9CB54D49-0D43-462C-B250-38BEB7F38312}"
	ProjectSection(SolutionItems) = preProject
		.gitattributes = .gitattributes
		.gitignore = .gitignore
		LICENSE.txt = LICENSE.txt
		MkDocsSharp.XmlCommentMarkDownGenerator.nuspec = MkDocsSharp.XmlCommentMarkDownGenerator.nuspec
		MkDocsSharp.XmlCommentMarkDownGenerator.targets = MkDocsSharp.XmlCommentMarkDownGenerator.targets
		README.md = README.md
	EndProjectSection
EndProject
Project("{FAE04EC0-301F-11D3-BF4B-00C04F79EFBC}") = "MkDocsSharp.XmlCommentMarkDownGenerator", "MkDocsSharp.XmlCommentMarkDownGenerator\MkDocsSharp.XmlCommentMarkDownGenerator.csproj", "{1375DC94-03F8-496C-981C-D5D6E1B0FD26}"
EndProject
Project("{FAE04EC0-301F-11D3-BF4B-00C04F79EFBC}") = "MkDocsSharp.XmlCommentMarkDownGenerator.Test", "MkDocsSharp.XmlCommentMarkDownGenerator.Test\MkDocsSharp.XmlCommentMarkDownGenerator.Test.csproj", "{7993D07F-7F81-477E-ABA1-E3E6DC5CAB6A}"
EndProject
Project("{FAE04EC0-301F-11D3-BF4B-00C04F79EFBC}") = "MkDocsSharp.XmlCommentMarkDownGenerator.MSBuild", "MkDocsSharp.XmlCommentMarkDownGenerator.MSBuild\MkDocsSharp.XmlCommentMarkDownGenerator.MSBuild.csproj", "{9FCEE209-508F-474E-80C2-D0966E4AA126}"
EndProject
Project("{FAE04EC0-301F-11D3-BF4B-00C04F79EFBC}") = "MkDocsSharp.XmlCommentMarkDownGenerator.MSBuild.Test", "MkDocsSharp.XmlCommentMarkDownGenerator.MSBuild.Test\MkDocsSharp.XmlCommentMarkDownGenerator.MSBuild.Test.csproj", "{2358183D-B57C-467D-B89C-16C6BE040753}"
EndProject
Project("{2150E333-8FDC-42A3-9474-1A3956D46DE8}") = "Example", "Example", "{1D587995-D2B1-D47C-23B4-E8E972FA15E9}"
EndProject
Project("{FAE04EC0-301F-11D3-BF4B-00C04F79EFBC}") = "Example.XmlDocSamples", "Example\Example.XmlDocSamples\Example.XmlDocSamples.csproj", "{65F54E2C-822F-4463-94AD-B667FF443272}"
EndProject
Project("{FAE04EC0-301F-11D3-BF4B-00C04F79EFBC}") = "Example.XmlDocSamples.Tests", "Example\Example.XmlDocSamples.Tests\Example.XmlDocSamples.Tests.csproj", "{A20F2A97-286D-4DD6-AC25-2A9AE5EA8071}"
EndProject
Project("{FAE04EC0-301F-11D3-BF4B-00C04F79EFBC}") = "Example.SystemTests", "Example\Example.SystemTests\Example.SystemTests.csproj", "{AFCCEF3D-DCD3-40F0-96E9-CA3C1D6E40A0}"
EndProject
Global
	GlobalSection(SolutionConfigurationPlatforms) = preSolution
		Debug|Any CPU = Debug|Any CPU
		Debug|x64 = Debug|x64
		Debug|x86 = Debug|x86
		Release|Any CPU = Release|Any CPU
		Release|x64 = Release|x64
		Release|x86 = Release|x86
	EndGlobalSection
	GlobalSection(ProjectConfigurationPlatforms) = postSolution
		{1375DC94-03F8-496C-981C-D5D6E1B0FD26}.Debug|Any CPU.ActiveCfg = Debug|Any CPU
		{1375DC94-03F8-496C-981C-D5D6E1B0FD26}.Debug|Any CPU.Build.0 = Debug|Any CPU
		{1375DC94-03F8-496C-981C-D5D6E1B0FD26}.Debug|x64.ActiveCfg = Debug|Any CPU
		{1375DC94-03F8-496C-981C-D5D6E1B0FD26}.Debug|x64.Build.0 = Debug|Any CPU
		{1375DC94-03F8-496C-981C-D5D6E1B0FD26}.Debug|x86.ActiveCfg = Debug|Any CPU
		{1375DC94-03F8-496C-981C-D5D6E1B0FD26}.Debug|x86.Build.0 = Debug|Any CPU
		{1375DC94-03F8-496C-981C-D5D6E1B0FD26}.Release|Any CPU.ActiveCfg = Release|Any CPU
		{1375DC94-03F8-496C-981C-D5D6E1B0FD26}.Release|Any CPU.Build.0 = Release|Any CPU
		{1375DC94-03F8-496C-981C-D5D6E1B0FD26}.Release|x64.ActiveCfg = Release|Any CPU
		{1375DC94-03F8-496C-981C-D5D6E1B0FD26}.Release|x64.Build.0 = Release|Any CPU
		{1375DC94-03F8-496C-981C-D5D6E1B0FD26}.Release|x86.ActiveCfg = Release|Any CPU
		{1375DC94-03F8-496C-981C-D5D6E1B0FD26}.Release|x86.Build.0 = Release|Any CPU
		{7993D07F-7F81-477E-ABA1-E3E6DC5CAB6A}.Debug|Any CPU.ActiveCfg = Debug|Any CPU
		{7993D07F-7F81-477E-ABA1-E3E6DC5CAB6A}.Debug|Any CPU.Build.0 = Debug|Any CPU
		{7993D07F-7F81-477E-ABA1-E3E6DC5CAB6A}.Debug|x64.ActiveCfg = Debug|Any CPU
		{7993D07F-7F81-477E-ABA1-E3E6DC5CAB6A}.Debug|x64.Build.0 = Debug|Any CPU
		{7993D07F-7F81-477E-ABA1-E3E6DC5CAB6A}.Debug|x86.ActiveCfg = Debug|Any CPU
		{7993D07F-7F81-477E-ABA1-E3E6DC5CAB6A}.Debug|x86.Build.0 = Debug|Any CPU
		{7993D07F-7F81-477E-ABA1-E3E6DC5CAB6A}.Release|Any CPU.ActiveCfg = Release|Any CPU
		{7993D07F-7F81-477E-ABA1-E3E6DC5CAB6A}.Release|Any CPU.Build.0 = Release|Any CPU
		{7993D07F-7F81-477E-ABA1-E3E6DC5CAB6A}.Release|x64.ActiveCfg = Release|Any CPU
		{7993D07F-7F81-477E-ABA1-E3E6DC5CAB6A}.Release|x64.Build.0 = Release|Any CPU
		{7993D07F-7F81-477E-ABA1-E3E6DC5CAB6A}.Release|x86.ActiveCfg = Release|Any CPU
		{7993D07F-7F81-477E-ABA1-E3E6DC5CAB6A}.Release|x86.Build.0 = Release|Any CPU
		{9FCEE209-508F-474E-80C2-D0966E4AA126}.Debug|Any CPU.ActiveCfg = Debug|Any CPU
		{9FCEE209-508F-474E-80C2-D0966E4AA126}.Debug|Any CPU.Build.0 = Debug|Any CPU
		{9FCEE209-508F-474E-80C2-D0966E4AA126}.Debug|x64.ActiveCfg = Debug|Any CPU
		{9FCEE209-508F-474E-80C2-D0966E4AA126}.Debug|x64.Build.0 = Debug|Any CPU
		{9FCEE209-508F-474E-80C2-D0966E4AA126}.Debug|x86.ActiveCfg = Debug|Any CPU
		{9FCEE209-508F-474E-80C2-D0966E4AA126}.Debug|x86.Build.0 = Debug|Any CPU
		{9FCEE209-508F-474E-80C2-D0966E4AA126}.Release|Any CPU.ActiveCfg = Release|Any CPU
		{9FCEE209-508F-474E-80C2-D0966E4AA126}.Release|Any CPU.Build.0 = Release|Any CPU
		{9FCEE209-508F-474E-80C2-D0966E4AA126}.Release|x64.ActiveCfg = Release|Any CPU
		{9FCEE209-508F-474E-80C2-D0966E4AA126}.Release|x64.Build.0 = Release|Any CPU
		{9FCEE209-508F-474E-80C2-D0966E4AA126}.Release|x86.ActiveCfg = Release|Any CPU
		{9FCEE209-508F-474E-80C2-D0966E4AA126}.Release|x86.Build.0 = Release|Any CPU
		{2358183D-B57C-467D-B89C-16C6BE040753}.Debug|Any CPU.ActiveCfg = Debug|Any CPU
		{2358183D-B57C-467D-B89C-16C6BE040753}.Debug|Any CPU.Build.0 = Debug|Any CPU
		{2358183D-B57C-467D-B89C-16C6BE040753}.Debug|x64.ActiveCfg = Debug|Any CPU
		{2358183D-B57C-467D-B89C-16C6BE040753}.Debug|x64.Build.0 = Debug|Any CPU
		{2358183D-B57C-467D-B89C-16C6BE040753}.Debug|x86.ActiveCfg = Debug|Any CPU
		{2358183D-B57C-467D-B89C-16C6BE040753}.Debug|x86.Build.0 = Debug|Any CPU
		{2358183D-B57C-467D-B89C-16C6BE040753}.Release|Any CPU.ActiveCfg = Release|Any CPU
		{2358183D-B57C-467D-B89C-16C6BE040753}.Release|Any CPU.Build.0 = Release|Any CPU
		{2358183D-B57C-467D-B89C-16C6BE040753}.Release|x64.ActiveCfg = Release|Any CPU
		{2358183D-B57C-467D-B89C-16C6BE040753}.Release|x64.Build.0 = Release|Any CPU
		{2358183D-B57C-467D-B89C-16C6BE040753}.Release|x86.ActiveCfg = Release|Any CPU
		{2358183D-B57C-467D-B89C-16C6BE040753}.Release|x86.Build.0 = Release|Any CPU
		{65F54E2C-822F-4463-94AD-B667FF443272}.Debug|Any CPU.ActiveCfg = Debug|Any CPU
		{65F54E2C-822F-4463-94AD-B667FF443272}.Debug|Any CPU.Build.0 = Debug|Any CPU
		{65F54E2C-822F-4463-94AD-B667FF443272}.Debug|x64.ActiveCfg = Debug|Any CPU
		{65F54E2C-822F-4463-94AD-B667FF443272}.Debug|x64.Build.0 = Debug|Any CPU
		{65F54E2C-822F-4463-94AD-B667FF443272}.Debug|x86.ActiveCfg = Debug|Any CPU
		{65F54E2C-822F-4463-94AD-B667FF443272}.Debug|x86.Build.0 = Debug|Any CPU
		{65F54E2C-822F-4463-94AD-B667FF443272}.Release|Any CPU.ActiveCfg = Release|Any CPU
		{65F54E2C-822F-4463-94AD-B667FF443272}.Release|Any CPU.Build.0 = Release|Any CPU
		{65F54E2C-822F-4463-94AD-B667FF443272}.Release|x64.ActiveCfg = Release|Any CPU
		{65F54E2C-822F-4463-94AD-B667FF443272}.Release|x64.Build.0 = Release|Any CPU
		{65F54E2C-822F-4463-94AD-B667FF443272}.Release|x86.ActiveCfg = Release|Any CPU
		{65F54E2C-822F-4463-94AD-B667FF443272}.Release|x86.Build.0 = Release|Any CPU
		{A20F2A97-286D-4DD6-AC25-2A9AE5EA8071}.Debug|Any CPU.ActiveCfg = Debug|Any CPU
		{A20F2A97-286D-4DD6-AC25-2A9AE5EA8071}.Debug|Any CPU.Build.0 = Debug|Any CPU
		{A20F2A97-286D-4DD6-AC25-2A9AE5EA8071}.Debug|x64.ActiveCfg = Debug|Any CPU
		{A20F2A97-286D-4DD6-AC25-2A9AE5EA8071}.Debug|x64.Build.0 = Debug|Any CPU
		{A20F2A97-286D-4DD6-AC25-2A9AE5EA8071}.Debug|x86.ActiveCfg = Debug|Any CPU
		{A20F2A97-286D-4DD6-AC25-2A9AE5EA8071}.Debug|x86.Build.0 = Debug|Any CPU
		{A20F2A97-286D-4DD6-AC25-2A9AE5EA8071}.Release|Any CPU.ActiveCfg = Release|Any CPU
		{A20F2A97-286D-4DD6-AC25-2A9AE5EA8071}.Release|Any CPU.Build.0 = Release|Any CPU
		{A20F2A97-286D-4DD6-AC25-2A9AE5EA8071}.Release|x64.ActiveCfg = Release|Any CPU
		{A20F2A97-286D-4DD6-AC25-2A9AE5EA8071}.Release|x64.Build.0 = Release|Any CPU
		{A20F2A97-286D-4DD6-AC25-2A9AE5EA8071}.Release|x86.ActiveCfg = Release|Any CPU
		{A20F2A97-286D-4DD6-AC25-2A9AE5EA8071}.Release|x86.Build.0 = Release|Any CPU
		{AFCCEF3D-DCD3-40F0-96E9-CA3C1D6E40A0}.Debug|Any CPU.ActiveCfg = Debug|Any CPU
		{AFCCEF3D-DCD3-40F0-96E9-CA3C1D6E40A0}.Debug|Any CPU.Build.0 = Debug|Any CPU
		{AFCCEF3D-DCD3-40F0-96E9-CA3C1D6E40A0}.Debug|x64.ActiveCfg = Debug|Any CPU
		{AFCCEF3D-DCD3-40F0-96E9-CA3C1D6E40A0}.Debug|x64.Build.0 = Debug|Any CPU
		{AFCCEF3D-DCD3-40F0-96E9-CA3C1D6E40A0}.Debug|x86.ActiveCfg = Debug|Any CPU
		{AFCCEF3D-DCD3-40F0-96E9-CA3C1D6E40A0}.Debug|x86.Build.0 = Debug|Any CPU
		{AFCCEF3D-DCD3-40F0-96E9-CA3C1D6E40A0}.Release|Any CPU.ActiveCfg = Release|Any CPU
		{AFCCEF3D-DCD3-40F0-96E9-CA3C1D6E40A0}.Release|Any CPU.Build.0 = Release|Any CPU
		{AFCCEF3D-DCD3-40F0-96E9-CA3C1D6E40A0}.Release|x64.ActiveCfg = Release|Any CPU
		{AFCCEF3D-DCD3-40F0-96E9-CA3C1D6E40A0}.Release|x64.Build.0 = Release|Any CPU
		{AFCCEF3D-DCD3-40F0-96E9-CA3C1D6E40A0}.Release|x86.ActiveCfg = Release|Any CPU
		{AFCCEF3D-DCD3-40F0-96E9-CA3C1D6E40A0}.Release|x86.Build.0 = Release|Any CPU
	EndGlobalSection
	GlobalSection(SolutionProperties) = preSolution
		HideSolutionNode = FALSE
	EndGlobalSection
	GlobalSection(NestedProjects) = preSolution
		{65F54E2C-822F-4463-94AD-B667FF443272} = {1D587995-D2B1-D47C-23B4-E8E972FA15E9}
		{A20F2A97-286D-4DD6-AC25-2A9AE5EA8071} = {1D587995-D2B1-D47C-23B4-E8E972FA15E9}
		{AFCCEF3D-DCD3-40F0-96E9-CA3C1D6E40A0} = {1D587995-D2B1-D47C-23B4-E8E972FA15E9}
	EndGlobalSection
EndGlobal
